
Microsoft Visual Studio Solution File, Format Version 12.00
# Visual Studio 15
VisualStudioVersion = 15.0.27130.2010
MinimumVisualStudioVersion = 10.0.40219.1
Project("{FAE04EC0-301F-11D3-BF4B-00C04F79EFBC}") = "ChainOfResponsibility", "ChainOfResponsibility\ChainOfResponsibility.csproj", "{380832F0-44A7-4B45-AD82-3F2E64EDA907}"
EndProject
Global
	GlobalSection(SolutionConfigurationPlatforms) = preSolution
		Debug|Any CPU = Debug|Any CPU
		Release|Any CPU = Release|Any CPU
	EndGlobalSection
	GlobalSection(ProjectConfigurationPlatforms) = postSolution
		{380832F0-44A7-4B45-AD82-3F2E64EDA907}.Debug|Any CPU.ActiveCfg = Debug|Any CPU
		{380832F0-44A7-4B45-AD82-3F2E64EDA907}.Debug|Any CPU.Build.0 = Debug|Any CPU
		{380832F0-44A7-4B45-AD82-3F2E64EDA907}.Release|Any CPU.ActiveCfg = Release|Any CPU
		{380832F0-44A7-4B45-AD82-3F2E64EDA907}.Release|Any CPU.Build.0 = Release|Any CPU
	EndGlobalSection
	GlobalSection(SolutionProperties) = preSolution
		HideSolutionNode = FALSE
	EndGlobalSection
	GlobalSection(ExtensibilityGlobals) = postSolution
		SolutionGuid = {C28F2E43-C6FF-4190-B709-E7C495664459}
	EndGlobalSection
EndGlobal
